// !$*UTF8*$!
{
	archiveVersion = 1;
	classes = {
	};
	objectVersion = 55;
	objects = {

/* Begin PBXBuildFile section */
		0214CCC429926D3800EC5CAE /* NotoSansDisplay-ExtraCondensed.ttf in Resources */ = {isa = PBXBuildFile; fileRef = 0214CCC029926D3700EC5CAE /* NotoSansDisplay-ExtraCondensed.ttf */; };
		0214CCC529926D3800EC5CAE /* AppleSDGothicNeo-Regular.ttf in Resources */ = {isa = PBXBuildFile; fileRef = 0214CCC129926D3700EC5CAE /* AppleSDGothicNeo-Regular.ttf */; };
		0214CCC629926D3800EC5CAE /* RobotoCondensed-Regular.ttf in Resources */ = {isa = PBXBuildFile; fileRef = 0214CCC229926D3800EC5CAE /* RobotoCondensed-Regular.ttf */; };
		0214CCC729926D3800EC5CAE /* NotoSansDisplay-Bold.ttf in Resources */ = {isa = PBXBuildFile; fileRef = 0214CCC329926D3800EC5CAE /* NotoSansDisplay-Bold.ttf */; };
		0214CCD529926D6400EC5CAE /* infoTableViewCell.swift in Sources */ = {isa = PBXBuildFile; fileRef = 0214CCC829926D6400EC5CAE /* infoTableViewCell.swift */; };
		0214CCD629926D6400EC5CAE /* PopupVC.swift in Sources */ = {isa = PBXBuildFile; fileRef = 0214CCC929926D6400EC5CAE /* PopupVC.swift */; };
		0214CCD729926D6400EC5CAE /* editVC.swift in Sources */ = {isa = PBXBuildFile; fileRef = 0214CCCA29926D6400EC5CAE /* editVC.swift */; };
		0214CCD829926D6400EC5CAE /* LoginDataView.swift in Sources */ = {isa = PBXBuildFile; fileRef = 0214CCCB29926D6400EC5CAE /* LoginDataView.swift */; };
		0214CCD929926D6400EC5CAE /* MydataView.swift in Sources */ = {isa = PBXBuildFile; fileRef = 0214CCCC29926D6400EC5CAE /* MydataView.swift */; };
		0214CCDA29926D6400EC5CAE /* PopupView.swift in Sources */ = {isa = PBXBuildFile; fileRef = 0214CCCD29926D6400EC5CAE /* PopupView.swift */; };
		0214CCDB29926D6400EC5CAE /* LoginView.swift in Sources */ = {isa = PBXBuildFile; fileRef = 0214CCCE29926D6400EC5CAE /* LoginView.swift */; };
		0214CCDC29926D6400EC5CAE /* LoginVC.swift in Sources */ = {isa = PBXBuildFile; fileRef = 0214CCCF29926D6400EC5CAE /* LoginVC.swift */; };
		0214CCDD29926D6400EC5CAE /* MydataVC.swift in Sources */ = {isa = PBXBuildFile; fileRef = 0214CCD029926D6400EC5CAE /* MydataVC.swift */; };
		0214CCDE29926D6400EC5CAE /* MyInfoMain.storyboard in Resources */ = {isa = PBXBuildFile; fileRef = 0214CCD129926D6400EC5CAE /* MyInfoMain.storyboard */; };
		0214CCDF29926D6400EC5CAE /* afterLoginVC.swift in Sources */ = {isa = PBXBuildFile; fileRef = 0214CCD229926D6400EC5CAE /* afterLoginVC.swift */; };
		0214CCE029926D6400EC5CAE /* editView.swift in Sources */ = {isa = PBXBuildFile; fileRef = 0214CCD329926D6400EC5CAE /* editView.swift */; };
		0214CCE129926D6400EC5CAE /* secondInfoTableViewCell.swift in Sources */ = {isa = PBXBuildFile; fileRef = 0214CCD429926D6400EC5CAE /* secondInfoTableViewCell.swift */; };
		7C7EA1298971C6508DBBC2CE /* Pods_Damso.framework in Frameworks */ = {isa = PBXBuildFile; fileRef = FC41CC4BF6B184B7B5B646D5 /* Pods_Damso.framework */; };
		DE0139ED29953DD500EC9A5A /* Keys.swift in Sources */ = {isa = PBXBuildFile; fileRef = DE0139EC29953DD400EC9A5A /* Keys.swift */; };
		DE0139EF2995604A00EC9A5A /* ReportInputModel.swift in Sources */ = {isa = PBXBuildFile; fileRef = DE0139EE2995604A00EC9A5A /* ReportInputModel.swift */; };
		DE0139F12995671C00EC9A5A /* ReportInputManager.swift in Sources */ = {isa = PBXBuildFile; fileRef = DE0139F02995671C00EC9A5A /* ReportInputManager.swift */; };
		DE0139F329957B8D00EC9A5A /* ReportInputResult.swift in Sources */ = {isa = PBXBuildFile; fileRef = DE0139F229957B8D00EC9A5A /* ReportInputResult.swift */; };
		DE123C2A296C39AC00B7149B /* AppDelegate.swift in Sources */ = {isa = PBXBuildFile; fileRef = DE123C29296C39AC00B7149B /* AppDelegate.swift */; };
		DE123C2C296C39AC00B7149B /* SceneDelegate.swift in Sources */ = {isa = PBXBuildFile; fileRef = DE123C2B296C39AC00B7149B /* SceneDelegate.swift */; };
		DE123C33296C39AE00B7149B /* Assets.xcassets in Resources */ = {isa = PBXBuildFile; fileRef = DE123C32296C39AE00B7149B /* Assets.xcassets */; };
		DE123C36296C39AE00B7149B /* LaunchScreen.storyboard in Resources */ = {isa = PBXBuildFile; fileRef = DE123C34296C39AE00B7149B /* LaunchScreen.storyboard */; };
		DE123C3F296C406500B7149B /* SnapKit in Frameworks */ = {isa = PBXBuildFile; productRef = DE123C3E296C406500B7149B /* SnapKit */; };
		DE123C42296C40B400B7149B /* Then in Frameworks */ = {isa = PBXBuildFile; productRef = DE123C41296C40B400B7149B /* Then */; };
		DE123C45296C40F700B7149B /* Alamofire in Frameworks */ = {isa = PBXBuildFile; productRef = DE123C44296C40F700B7149B /* Alamofire */; };
		DE123C4F296D743C00B7149B /* BaseVC.swift in Sources */ = {isa = PBXBuildFile; fileRef = DE123C4E296D743C00B7149B /* BaseVC.swift */; };
		DE123C51296D746300B7149B /* BaseView.swift in Sources */ = {isa = PBXBuildFile; fileRef = DE123C50296D746300B7149B /* BaseView.swift */; };
		DE5F0BA32990480100660E52 /* SwiftyJSON in Frameworks */ = {isa = PBXBuildFile; productRef = DE5F0BA22990480100660E52 /* SwiftyJSON */; };
		DE5F0BA72990513F00660E52 /* GeocodingManager.swift in Sources */ = {isa = PBXBuildFile; fileRef = DE5F0BA62990513F00660E52 /* GeocodingManager.swift */; };
		DE5F0BA92990579D00660E52 /* ReverseGCModel.swift in Sources */ = {isa = PBXBuildFile; fileRef = DE5F0BA82990579D00660E52 /* ReverseGCModel.swift */; };
		DEA95B0D2976A38900AE8D0C /* ReportView.swift in Sources */ = {isa = PBXBuildFile; fileRef = DEA95B0C2976A38900AE8D0C /* ReportView.swift */; };
		DEA95B122976A75B00AE8D0C /* ReportVC.swift in Sources */ = {isa = PBXBuildFile; fileRef = DEA95B112976A75B00AE8D0C /* ReportVC.swift */; };
		DEA95B1929774ED700AE8D0C /* OnboardingView.swift in Sources */ = {isa = PBXBuildFile; fileRef = DEA95B1829774ED700AE8D0C /* OnboardingView.swift */; };
		DEA95B1B29774EF900AE8D0C /* OnboardingVC.swift in Sources */ = {isa = PBXBuildFile; fileRef = DEA95B1A29774EF900AE8D0C /* OnboardingVC.swift */; };
		DEA95B1D297751D400AE8D0C /* OnboardingMessage.swift in Sources */ = {isa = PBXBuildFile; fileRef = DEA95B1C297751D400AE8D0C /* OnboardingMessage.swift */; };
		DEA95B252978694700AE8D0C /* NotoSansKR-Medium.otf in Resources */ = {isa = PBXBuildFile; fileRef = DEA95B1F2978694600AE8D0C /* NotoSansKR-Medium.otf */; };
		DEA95B262978694700AE8D0C /* NotoSansKR-Regular.otf in Resources */ = {isa = PBXBuildFile; fileRef = DEA95B202978694600AE8D0C /* NotoSansKR-Regular.otf */; };
		DEA95B272978694700AE8D0C /* NotoSansKR-Bold.otf in Resources */ = {isa = PBXBuildFile; fileRef = DEA95B212978694600AE8D0C /* NotoSansKR-Bold.otf */; };
		DEA95B282978694700AE8D0C /* NotoSansKR-Light.otf in Resources */ = {isa = PBXBuildFile; fileRef = DEA95B222978694700AE8D0C /* NotoSansKR-Light.otf */; };
		DEA95B292978694700AE8D0C /* NotoSansKR-Thin.otf in Resources */ = {isa = PBXBuildFile; fileRef = DEA95B232978694700AE8D0C /* NotoSansKR-Thin.otf */; };
		DEA95B2A2978694700AE8D0C /* NotoSansKR-Black.otf in Resources */ = {isa = PBXBuildFile; fileRef = DEA95B242978694700AE8D0C /* NotoSansKR-Black.otf */; };
		DEA95B2C29786C6E00AE8D0C /* UIColor+Extension.swift in Sources */ = {isa = PBXBuildFile; fileRef = DEA95B2B29786C6E00AE8D0C /* UIColor+Extension.swift */; };
		DEA95B2E2978729A00AE8D0C /* OnboardingCollectionViewCell.swift in Sources */ = {isa = PBXBuildFile; fileRef = DEA95B2D2978729A00AE8D0C /* OnboardingCollectionViewCell.swift */; };
		DEA95B32297AF65700AE8D0C /* UIButton+Extension.swift in Sources */ = {isa = PBXBuildFile; fileRef = DEA95B31297AF65700AE8D0C /* UIButton+Extension.swift */; };
		DEA95B34297EDA5100AE8D0C /* TabBarController.swift in Sources */ = {isa = PBXBuildFile; fileRef = DEA95B33297EDA5100AE8D0C /* TabBarController.swift */; };
		DEA95B362981DF2E00AE8D0C /* ReportInputVC.swift in Sources */ = {isa = PBXBuildFile; fileRef = DEA95B352981DF2D00AE8D0C /* ReportInputVC.swift */; };
		DEA95B3A2983F20400AE8D0C /* ReportInputView.swift in Sources */ = {isa = PBXBuildFile; fileRef = DEA95B392983F20400AE8D0C /* ReportInputView.swift */; };
		DEA95B3D2988410D00AE8D0C /* BookmarkView.swift in Sources */ = {isa = PBXBuildFile; fileRef = DEA95B3C2988410D00AE8D0C /* BookmarkView.swift */; };
		DEA95B3F2988412900AE8D0C /* BookmarkVC.swift in Sources */ = {isa = PBXBuildFile; fileRef = DEA95B3E2988412900AE8D0C /* BookmarkVC.swift */; };
		DEA95B4129884B9600AE8D0C /* BookmarkTableViewCell.swift in Sources */ = {isa = PBXBuildFile; fileRef = DEA95B4029884B9600AE8D0C /* BookmarkTableViewCell.swift */; };
		DEA95B43298854E900AE8D0C /* BookmarkIsEmptyCell.swift in Sources */ = {isa = PBXBuildFile; fileRef = DEA95B42298854E900AE8D0C /* BookmarkIsEmptyCell.swift */; };
		EC46E73B29892CCE00F767C4 /* ReportViewController.swift in Sources */ = {isa = PBXBuildFile; fileRef = EC46E73129892CCD00F767C4 /* ReportViewController.swift */; };
		EC46E73C29892CCE00F767C4 /* ReportPushViewController.swift in Sources */ = {isa = PBXBuildFile; fileRef = EC46E73229892CCE00F767C4 /* ReportPushViewController.swift */; };
		EC46E73D29892CCE00F767C4 /* SearchViewController.swift in Sources */ = {isa = PBXBuildFile; fileRef = EC46E73329892CCE00F767C4 /* SearchViewController.swift */; };
		EC46E73F29892CCE00F767C4 /* BottomSheetViewController2.swift in Sources */ = {isa = PBXBuildFile; fileRef = EC46E73529892CCE00F767C4 /* BottomSheetViewController2.swift */; };
		EC46E74029892CCE00F767C4 /* MainViewController.swift in Sources */ = {isa = PBXBuildFile; fileRef = EC46E73629892CCE00F767C4 /* MainViewController.swift */; };
		EC46E74129892CCE00F767C4 /* Main.storyboard in Resources */ = {isa = PBXBuildFile; fileRef = EC46E73729892CCE00F767C4 /* Main.storyboard */; };
		EC46E74229892CCE00F767C4 /* ReviewUploadViewController.swift in Sources */ = {isa = PBXBuildFile; fileRef = EC46E73829892CCE00F767C4 /* ReviewUploadViewController.swift */; };
		EC46E74429892CCE00F767C4 /* BottomSheetViewController.swift in Sources */ = {isa = PBXBuildFile; fileRef = EC46E73A29892CCE00F767C4 /* BottomSheetViewController.swift */; };
/* End PBXBuildFile section */

/* Begin PBXFileReference section */
		0214CCC029926D3700EC5CAE /* NotoSansDisplay-ExtraCondensed.ttf */ = {isa = PBXFileReference; lastKnownFileType = file; path = "NotoSansDisplay-ExtraCondensed.ttf"; sourceTree = "<group>"; };
		0214CCC129926D3700EC5CAE /* AppleSDGothicNeo-Regular.ttf */ = {isa = PBXFileReference; lastKnownFileType = file; path = "AppleSDGothicNeo-Regular.ttf"; sourceTree = "<group>"; };
		0214CCC229926D3800EC5CAE /* RobotoCondensed-Regular.ttf */ = {isa = PBXFileReference; lastKnownFileType = file; path = "RobotoCondensed-Regular.ttf"; sourceTree = "<group>"; };
		0214CCC329926D3800EC5CAE /* NotoSansDisplay-Bold.ttf */ = {isa = PBXFileReference; lastKnownFileType = file; path = "NotoSansDisplay-Bold.ttf"; sourceTree = "<group>"; };
		0214CCC829926D6400EC5CAE /* infoTableViewCell.swift */ = {isa = PBXFileReference; fileEncoding = 4; lastKnownFileType = sourcecode.swift; path = infoTableViewCell.swift; sourceTree = "<group>"; };
		0214CCC929926D6400EC5CAE /* PopupVC.swift */ = {isa = PBXFileReference; fileEncoding = 4; lastKnownFileType = sourcecode.swift; path = PopupVC.swift; sourceTree = "<group>"; };
		0214CCCA29926D6400EC5CAE /* editVC.swift */ = {isa = PBXFileReference; fileEncoding = 4; lastKnownFileType = sourcecode.swift; path = editVC.swift; sourceTree = "<group>"; };
		0214CCCB29926D6400EC5CAE /* LoginDataView.swift */ = {isa = PBXFileReference; fileEncoding = 4; lastKnownFileType = sourcecode.swift; path = LoginDataView.swift; sourceTree = "<group>"; };
		0214CCCC29926D6400EC5CAE /* MydataView.swift */ = {isa = PBXFileReference; fileEncoding = 4; lastKnownFileType = sourcecode.swift; path = MydataView.swift; sourceTree = "<group>"; };
		0214CCCD29926D6400EC5CAE /* PopupView.swift */ = {isa = PBXFileReference; fileEncoding = 4; lastKnownFileType = sourcecode.swift; path = PopupView.swift; sourceTree = "<group>"; };
		0214CCCE29926D6400EC5CAE /* LoginView.swift */ = {isa = PBXFileReference; fileEncoding = 4; lastKnownFileType = sourcecode.swift; path = LoginView.swift; sourceTree = "<group>"; };
		0214CCCF29926D6400EC5CAE /* LoginVC.swift */ = {isa = PBXFileReference; fileEncoding = 4; lastKnownFileType = sourcecode.swift; path = LoginVC.swift; sourceTree = "<group>"; };
		0214CCD029926D6400EC5CAE /* MydataVC.swift */ = {isa = PBXFileReference; fileEncoding = 4; lastKnownFileType = sourcecode.swift; path = MydataVC.swift; sourceTree = "<group>"; };
		0214CCD129926D6400EC5CAE /* MyInfoMain.storyboard */ = {isa = PBXFileReference; fileEncoding = 4; lastKnownFileType = file.storyboard; path = MyInfoMain.storyboard; sourceTree = "<group>"; };
		0214CCD229926D6400EC5CAE /* afterLoginVC.swift */ = {isa = PBXFileReference; fileEncoding = 4; lastKnownFileType = sourcecode.swift; path = afterLoginVC.swift; sourceTree = "<group>"; };
		0214CCD329926D6400EC5CAE /* editView.swift */ = {isa = PBXFileReference; fileEncoding = 4; lastKnownFileType = sourcecode.swift; path = editView.swift; sourceTree = "<group>"; };
		0214CCD429926D6400EC5CAE /* secondInfoTableViewCell.swift */ = {isa = PBXFileReference; fileEncoding = 4; lastKnownFileType = sourcecode.swift; path = secondInfoTableViewCell.swift; sourceTree = "<group>"; };
		5255AD62BEE5A9637A7D0115 /* Pods-Damso.release.xcconfig */ = {isa = PBXFileReference; includeInIndex = 1; lastKnownFileType = text.xcconfig; name = "Pods-Damso.release.xcconfig"; path = "Target Support Files/Pods-Damso/Pods-Damso.release.xcconfig"; sourceTree = "<group>"; };
		DB7F394FDC0E35B9274B56E2 /* Pods-Damso.debug.xcconfig */ = {isa = PBXFileReference; includeInIndex = 1; lastKnownFileType = text.xcconfig; name = "Pods-Damso.debug.xcconfig"; path = "Target Support Files/Pods-Damso/Pods-Damso.debug.xcconfig"; sourceTree = "<group>"; };
		DE0139EC29953DD400EC9A5A /* Keys.swift */ = {isa = PBXFileReference; fileEncoding = 4; lastKnownFileType = sourcecode.swift; name = Keys.swift; path = "../../../../../../../PersonalFolder/Study/UMC/3기/앱런칭 프로젝트/iOS/Keys.swift"; sourceTree = "<group>"; };
		DE0139EE2995604A00EC9A5A /* ReportInputModel.swift */ = {isa = PBXFileReference; lastKnownFileType = sourcecode.swift; path = ReportInputModel.swift; sourceTree = "<group>"; };
		DE0139F02995671C00EC9A5A /* ReportInputManager.swift */ = {isa = PBXFileReference; lastKnownFileType = sourcecode.swift; path = ReportInputManager.swift; sourceTree = "<group>"; };
		DE0139F229957B8D00EC9A5A /* ReportInputResult.swift */ = {isa = PBXFileReference; lastKnownFileType = sourcecode.swift; path = ReportInputResult.swift; sourceTree = "<group>"; };
		DE123C26296C39AC00B7149B /* Damso.app */ = {isa = PBXFileReference; explicitFileType = wrapper.application; includeInIndex = 0; path = Damso.app; sourceTree = BUILT_PRODUCTS_DIR; };
		DE123C29296C39AC00B7149B /* AppDelegate.swift */ = {isa = PBXFileReference; lastKnownFileType = sourcecode.swift; path = AppDelegate.swift; sourceTree = "<group>"; };
		DE123C2B296C39AC00B7149B /* SceneDelegate.swift */ = {isa = PBXFileReference; lastKnownFileType = sourcecode.swift; path = SceneDelegate.swift; sourceTree = "<group>"; };
		DE123C32296C39AE00B7149B /* Assets.xcassets */ = {isa = PBXFileReference; lastKnownFileType = folder.assetcatalog; path = Assets.xcassets; sourceTree = "<group>"; };
		DE123C35296C39AE00B7149B /* Base */ = {isa = PBXFileReference; lastKnownFileType = file.storyboard; name = Base; path = Base.lproj/LaunchScreen.storyboard; sourceTree = "<group>"; };
		DE123C37296C39AE00B7149B /* Info.plist */ = {isa = PBXFileReference; lastKnownFileType = text.plist.xml; path = Info.plist; sourceTree = "<group>"; };
		DE123C4E296D743C00B7149B /* BaseVC.swift */ = {isa = PBXFileReference; lastKnownFileType = sourcecode.swift; path = BaseVC.swift; sourceTree = "<group>"; };
		DE123C50296D746300B7149B /* BaseView.swift */ = {isa = PBXFileReference; lastKnownFileType = sourcecode.swift; path = BaseView.swift; sourceTree = "<group>"; };
		DE5F0BA62990513F00660E52 /* GeocodingManager.swift */ = {isa = PBXFileReference; lastKnownFileType = sourcecode.swift; path = GeocodingManager.swift; sourceTree = "<group>"; };
		DE5F0BA82990579D00660E52 /* ReverseGCModel.swift */ = {isa = PBXFileReference; lastKnownFileType = sourcecode.swift; path = ReverseGCModel.swift; sourceTree = "<group>"; };
		DEA95B0C2976A38900AE8D0C /* ReportView.swift */ = {isa = PBXFileReference; lastKnownFileType = sourcecode.swift; path = ReportView.swift; sourceTree = "<group>"; };
		DEA95B112976A75B00AE8D0C /* ReportVC.swift */ = {isa = PBXFileReference; lastKnownFileType = sourcecode.swift; path = ReportVC.swift; sourceTree = "<group>"; };
		DEA95B1829774ED700AE8D0C /* OnboardingView.swift */ = {isa = PBXFileReference; lastKnownFileType = sourcecode.swift; path = OnboardingView.swift; sourceTree = "<group>"; };
		DEA95B1A29774EF900AE8D0C /* OnboardingVC.swift */ = {isa = PBXFileReference; lastKnownFileType = sourcecode.swift; path = OnboardingVC.swift; sourceTree = "<group>"; };
		DEA95B1C297751D400AE8D0C /* OnboardingMessage.swift */ = {isa = PBXFileReference; lastKnownFileType = sourcecode.swift; path = OnboardingMessage.swift; sourceTree = "<group>"; };
		DEA95B1F2978694600AE8D0C /* NotoSansKR-Medium.otf */ = {isa = PBXFileReference; lastKnownFileType = file; path = "NotoSansKR-Medium.otf"; sourceTree = "<group>"; };
		DEA95B202978694600AE8D0C /* NotoSansKR-Regular.otf */ = {isa = PBXFileReference; lastKnownFileType = text; path = "NotoSansKR-Regular.otf"; sourceTree = "<group>"; };
		DEA95B212978694600AE8D0C /* NotoSansKR-Bold.otf */ = {isa = PBXFileReference; lastKnownFileType = file; path = "NotoSansKR-Bold.otf"; sourceTree = "<group>"; };
		DEA95B222978694700AE8D0C /* NotoSansKR-Light.otf */ = {isa = PBXFileReference; lastKnownFileType = file; path = "NotoSansKR-Light.otf"; sourceTree = "<group>"; };
		DEA95B232978694700AE8D0C /* NotoSansKR-Thin.otf */ = {isa = PBXFileReference; lastKnownFileType = file; path = "NotoSansKR-Thin.otf"; sourceTree = "<group>"; };
		DEA95B242978694700AE8D0C /* NotoSansKR-Black.otf */ = {isa = PBXFileReference; lastKnownFileType = file; path = "NotoSansKR-Black.otf"; sourceTree = "<group>"; };
		DEA95B2B29786C6E00AE8D0C /* UIColor+Extension.swift */ = {isa = PBXFileReference; lastKnownFileType = sourcecode.swift; path = "UIColor+Extension.swift"; sourceTree = "<group>"; };
		DEA95B2D2978729A00AE8D0C /* OnboardingCollectionViewCell.swift */ = {isa = PBXFileReference; lastKnownFileType = sourcecode.swift; path = OnboardingCollectionViewCell.swift; sourceTree = "<group>"; };
		DEA95B31297AF65700AE8D0C /* UIButton+Extension.swift */ = {isa = PBXFileReference; lastKnownFileType = sourcecode.swift; path = "UIButton+Extension.swift"; sourceTree = "<group>"; };
		DEA95B33297EDA5100AE8D0C /* TabBarController.swift */ = {isa = PBXFileReference; lastKnownFileType = sourcecode.swift; name = TabBarController.swift; path = TabBar/TabBarController.swift; sourceTree = "<group>"; };
		DEA95B352981DF2D00AE8D0C /* ReportInputVC.swift */ = {isa = PBXFileReference; lastKnownFileType = sourcecode.swift; path = ReportInputVC.swift; sourceTree = "<group>"; };
		DEA95B392983F20400AE8D0C /* ReportInputView.swift */ = {isa = PBXFileReference; lastKnownFileType = sourcecode.swift; path = ReportInputView.swift; sourceTree = "<group>"; };
		DEA95B3C2988410D00AE8D0C /* BookmarkView.swift */ = {isa = PBXFileReference; lastKnownFileType = sourcecode.swift; path = BookmarkView.swift; sourceTree = "<group>"; };
		DEA95B3E2988412900AE8D0C /* BookmarkVC.swift */ = {isa = PBXFileReference; lastKnownFileType = sourcecode.swift; path = BookmarkVC.swift; sourceTree = "<group>"; };
		DEA95B4029884B9600AE8D0C /* BookmarkTableViewCell.swift */ = {isa = PBXFileReference; lastKnownFileType = sourcecode.swift; path = BookmarkTableViewCell.swift; sourceTree = "<group>"; };
		DEA95B42298854E900AE8D0C /* BookmarkIsEmptyCell.swift */ = {isa = PBXFileReference; lastKnownFileType = sourcecode.swift; path = BookmarkIsEmptyCell.swift; sourceTree = "<group>"; };
		EC46E73129892CCD00F767C4 /* ReportViewController.swift */ = {isa = PBXFileReference; fileEncoding = 4; lastKnownFileType = sourcecode.swift; path = ReportViewController.swift; sourceTree = "<group>"; };
		EC46E73229892CCE00F767C4 /* ReportPushViewController.swift */ = {isa = PBXFileReference; fileEncoding = 4; lastKnownFileType = sourcecode.swift; path = ReportPushViewController.swift; sourceTree = "<group>"; };
		EC46E73329892CCE00F767C4 /* SearchViewController.swift */ = {isa = PBXFileReference; fileEncoding = 4; lastKnownFileType = sourcecode.swift; path = SearchViewController.swift; sourceTree = "<group>"; };
		EC46E73529892CCE00F767C4 /* BottomSheetViewController2.swift */ = {isa = PBXFileReference; fileEncoding = 4; lastKnownFileType = sourcecode.swift; path = BottomSheetViewController2.swift; sourceTree = "<group>"; };
		EC46E73629892CCE00F767C4 /* MainViewController.swift */ = {isa = PBXFileReference; fileEncoding = 4; lastKnownFileType = sourcecode.swift; path = MainViewController.swift; sourceTree = "<group>"; };
		EC46E73729892CCE00F767C4 /* Main.storyboard */ = {isa = PBXFileReference; fileEncoding = 4; lastKnownFileType = file.storyboard; path = Main.storyboard; sourceTree = "<group>"; };
		EC46E73829892CCE00F767C4 /* ReviewUploadViewController.swift */ = {isa = PBXFileReference; fileEncoding = 4; lastKnownFileType = sourcecode.swift; path = ReviewUploadViewController.swift; sourceTree = "<group>"; };
		EC46E73A29892CCE00F767C4 /* BottomSheetViewController.swift */ = {isa = PBXFileReference; fileEncoding = 4; lastKnownFileType = sourcecode.swift; path = BottomSheetViewController.swift; sourceTree = "<group>"; };
		FC41CC4BF6B184B7B5B646D5 /* Pods_Damso.framework */ = {isa = PBXFileReference; explicitFileType = wrapper.framework; includeInIndex = 0; path = Pods_Damso.framework; sourceTree = BUILT_PRODUCTS_DIR; };
/* End PBXFileReference section */

/* Begin PBXFrameworksBuildPhase section */
		DE123C23296C39AC00B7149B /* Frameworks */ = {
			isa = PBXFrameworksBuildPhase;
			buildActionMask = 2147483647;
			files = (
				DE123C45296C40F700B7149B /* Alamofire in Frameworks */,
				DE123C3F296C406500B7149B /* SnapKit in Frameworks */,
				DE123C42296C40B400B7149B /* Then in Frameworks */,
				DE5F0BA32990480100660E52 /* SwiftyJSON in Frameworks */,
				7C7EA1298971C6508DBBC2CE /* Pods_Damso.framework in Frameworks */,
			);
			runOnlyForDeploymentPostprocessing = 0;
		};
/* End PBXFrameworksBuildPhase section */

/* Begin PBXGroup section */
		0214CCBF29926C8100EC5CAE /* MyInfo */ = {
			isa = PBXGroup;
			children = (
				0214CCD229926D6400EC5CAE /* afterLoginVC.swift */,
				0214CCCA29926D6400EC5CAE /* editVC.swift */,
				0214CCD329926D6400EC5CAE /* editView.swift */,
				0214CCC829926D6400EC5CAE /* infoTableViewCell.swift */,
				0214CCCB29926D6400EC5CAE /* LoginDataView.swift */,
				0214CCCF29926D6400EC5CAE /* LoginVC.swift */,
				0214CCCE29926D6400EC5CAE /* LoginView.swift */,
				0214CCD029926D6400EC5CAE /* MydataVC.swift */,
				0214CCCC29926D6400EC5CAE /* MydataView.swift */,
				0214CCD129926D6400EC5CAE /* MyInfoMain.storyboard */,
				0214CCC929926D6400EC5CAE /* PopupVC.swift */,
				0214CCCD29926D6400EC5CAE /* PopupView.swift */,
				0214CCD429926D6400EC5CAE /* secondInfoTableViewCell.swift */,
			);
			path = MyInfo;
			sourceTree = "<group>";
		};
		2792149155DF245702209E50 /* Pods */ = {
			isa = PBXGroup;
			children = (
				DB7F394FDC0E35B9274B56E2 /* Pods-Damso.debug.xcconfig */,
				5255AD62BEE5A9637A7D0115 /* Pods-Damso.release.xcconfig */,
			);
			path = Pods;
			sourceTree = "<group>";
		};
		9CD8D44AB494FD6B4A592533 /* Frameworks */ = {
			isa = PBXGroup;
			children = (
				FC41CC4BF6B184B7B5B646D5 /* Pods_Damso.framework */,
			);
			name = Frameworks;
			sourceTree = "<group>";
		};
		DE123C1D296C39AC00B7149B = {
			isa = PBXGroup;
			children = (
				DE123C28296C39AC00B7149B /* Damso */,
				DE123C27296C39AC00B7149B /* Products */,
				2792149155DF245702209E50 /* Pods */,
				9CD8D44AB494FD6B4A592533 /* Frameworks */,
			);
			sourceTree = "<group>";
		};
		DE123C27296C39AC00B7149B /* Products */ = {
			isa = PBXGroup;
			children = (
				DE123C26296C39AC00B7149B /* Damso.app */,
			);
			name = Products;
			sourceTree = "<group>";
		};
		DE123C28296C39AC00B7149B /* Damso */ = {
			isa = PBXGroup;
			children = (
				DE5F0B9F29901DE900660E52 /* Data */,
				DE123C46296D6B5200B7149B /* App */,
				DE123C47296D6B6400B7149B /* Global */,
				DE123C48296D6B7A00B7149B /* Presentation */,
				DE123C37296C39AE00B7149B /* Info.plist */,
			);
			path = Damso;
			sourceTree = "<group>";
		};
		DE123C46296D6B5200B7149B /* App */ = {
			isa = PBXGroup;
			children = (
				DE123C29296C39AC00B7149B /* AppDelegate.swift */,
				DE123C2B296C39AC00B7149B /* SceneDelegate.swift */,
			);
			path = App;
			sourceTree = "<group>";
		};
		DE123C47296D6B6400B7149B /* Global */ = {
			isa = PBXGroup;
			children = (
				DE123C4A296D6BD300B7149B /* Support */,
				DE123C49296D6B8C00B7149B /* Resources */,
			);
			path = Global;
			sourceTree = "<group>";
		};
		DE123C48296D6B7A00B7149B /* Presentation */ = {
			isa = PBXGroup;
			children = (
				0214CCBF29926C8100EC5CAE /* MyInfo */,
				DEA95B3B298840EE00AE8D0C /* Bookmark */,
				EC46E70029892B4C00F767C4 /* main */,
				DEA95B1729774EB600AE8D0C /* Onboarding */,
				DEA95B0E2976A3D200AE8D0C /* Input */,
				DE123C4B296D738E00B7149B /* Base */,
				DEA95B33297EDA5100AE8D0C /* TabBarController.swift */,
			);
			path = Presentation;
			sourceTree = "<group>";
		};
		DE123C49296D6B8C00B7149B /* Resources */ = {
			isa = PBXGroup;
			children = (
				DEA95B2B29786C6E00AE8D0C /* UIColor+Extension.swift */,
				DEA95B31297AF65700AE8D0C /* UIButton+Extension.swift */,
				DEA95B1E297868DB00AE8D0C /* Fonts */,
				DE123C32296C39AE00B7149B /* Assets.xcassets */,
			);
			path = Resources;
			sourceTree = "<group>";
		};
		DE123C4A296D6BD300B7149B /* Support */ = {
			isa = PBXGroup;
			children = (
				DE123C34296C39AE00B7149B /* LaunchScreen.storyboard */,
			);
			path = Support;
			sourceTree = "<group>";
		};
		DE123C4B296D738E00B7149B /* Base */ = {
			isa = PBXGroup;
			children = (
				DE123C4E296D743C00B7149B /* BaseVC.swift */,
				DE123C50296D746300B7149B /* BaseView.swift */,
			);
			path = Base;
			sourceTree = "<group>";
		};
		DE5F0B9F29901DE900660E52 /* Data */ = {
			isa = PBXGroup;
			children = (
				DE5F0BA029903E9600660E52 /* Network */,
			);
			path = Data;
			sourceTree = "<group>";
		};
		DE5F0BA029903E9600660E52 /* Network */ = {
			isa = PBXGroup;
			children = (
				DE0139EC29953DD400EC9A5A /* Keys.swift */,
				DE5F0BA62990513F00660E52 /* GeocodingManager.swift */,
				DE5F0BA82990579D00660E52 /* ReverseGCModel.swift */,
				DE0139EE2995604A00EC9A5A /* ReportInputModel.swift */,
				DE0139F02995671C00EC9A5A /* ReportInputManager.swift */,
				DE0139F229957B8D00EC9A5A /* ReportInputResult.swift */,
			);
			path = Network;
			sourceTree = "<group>";
		};
		DEA95B0E2976A3D200AE8D0C /* Input */ = {
			isa = PBXGroup;
			children = (
				DEA95B382981DF4D00AE8D0C /* Location */,
				DEA95B372981DF3400AE8D0C /* Inputinformation */,
			);
			path = Input;
			sourceTree = "<group>";
		};
		DEA95B1729774EB600AE8D0C /* Onboarding */ = {
			isa = PBXGroup;
			children = (
				DEA95B1829774ED700AE8D0C /* OnboardingView.swift */,
				DEA95B1A29774EF900AE8D0C /* OnboardingVC.swift */,
				DEA95B1C297751D400AE8D0C /* OnboardingMessage.swift */,
				DEA95B2D2978729A00AE8D0C /* OnboardingCollectionViewCell.swift */,
			);
			path = Onboarding;
			sourceTree = "<group>";
		};
		DEA95B1E297868DB00AE8D0C /* Fonts */ = {
			isa = PBXGroup;
			children = (
				0214CCC129926D3700EC5CAE /* AppleSDGothicNeo-Regular.ttf */,
				0214CCC329926D3800EC5CAE /* NotoSansDisplay-Bold.ttf */,
				0214CCC029926D3700EC5CAE /* NotoSansDisplay-ExtraCondensed.ttf */,
				0214CCC229926D3800EC5CAE /* RobotoCondensed-Regular.ttf */,
				DEA95B212978694600AE8D0C /* NotoSansKR-Bold.otf */,
				DEA95B222978694700AE8D0C /* NotoSansKR-Light.otf */,
				DEA95B1F2978694600AE8D0C /* NotoSansKR-Medium.otf */,
				DEA95B202978694600AE8D0C /* NotoSansKR-Regular.otf */,
				DEA95B232978694700AE8D0C /* NotoSansKR-Thin.otf */,
				DEA95B242978694700AE8D0C /* NotoSansKR-Black.otf */,
			);
			path = Fonts;
			sourceTree = "<group>";
		};
		DEA95B372981DF3400AE8D0C /* Inputinformation */ = {
			isa = PBXGroup;
			children = (
				DEA95B392983F20400AE8D0C /* ReportInputView.swift */,
				DEA95B352981DF2D00AE8D0C /* ReportInputVC.swift */,
			);
			path = Inputinformation;
			sourceTree = "<group>";
		};
		DEA95B382981DF4D00AE8D0C /* Location */ = {
			isa = PBXGroup;
			children = (
				DEA95B0C2976A38900AE8D0C /* ReportView.swift */,
				DEA95B112976A75B00AE8D0C /* ReportVC.swift */,
			);
			path = Location;
			sourceTree = "<group>";
		};
		DEA95B3B298840EE00AE8D0C /* Bookmark */ = {
			isa = PBXGroup;
			children = (
				DEA95B3C2988410D00AE8D0C /* BookmarkView.swift */,
				DEA95B3E2988412900AE8D0C /* BookmarkVC.swift */,
				DEA95B4029884B9600AE8D0C /* BookmarkTableViewCell.swift */,
				DEA95B42298854E900AE8D0C /* BookmarkIsEmptyCell.swift */,
			);
			path = Bookmark;
			sourceTree = "<group>";
		};
		EC46E70029892B4C00F767C4 /* main */ = {
			isa = PBXGroup;
			children = (
				EC46E73A29892CCE00F767C4 /* BottomSheetViewController.swift */,
				EC46E73529892CCE00F767C4 /* BottomSheetViewController2.swift */,
				EC46E73729892CCE00F767C4 /* Main.storyboard */,
				EC46E73229892CCE00F767C4 /* ReportPushViewController.swift */,
				EC46E73129892CCD00F767C4 /* ReportViewController.swift */,
				EC46E73829892CCE00F767C4 /* ReviewUploadViewController.swift */,
				EC46E73329892CCE00F767C4 /* SearchViewController.swift */,
				EC46E73629892CCE00F767C4 /* MainViewController.swift */,
			);
			path = main;
			sourceTree = "<group>";
		};
/* End PBXGroup section */

/* Begin PBXNativeTarget section */
		DE123C25296C39AC00B7149B /* Damso */ = {
			isa = PBXNativeTarget;
			buildConfigurationList = DE123C3A296C39AE00B7149B /* Build configuration list for PBXNativeTarget "Damso" */;
			buildPhases = (
				FAB7995D605AB4F1F437093C /* [CP] Check Pods Manifest.lock */,
				DE123C22296C39AC00B7149B /* Sources */,
				DE123C23296C39AC00B7149B /* Frameworks */,
				DE123C24296C39AC00B7149B /* Resources */,
				F821C6B7D9397DF7E0F5725E /* [CP] Embed Pods Frameworks */,
			);
			buildRules = (
			);
			dependencies = (
			);
			name = Damso;
			packageProductDependencies = (
				DE123C3E296C406500B7149B /* SnapKit */,
				DE123C41296C40B400B7149B /* Then */,
				DE123C44296C40F700B7149B /* Alamofire */,
				DE5F0BA22990480100660E52 /* SwiftyJSON */,
			);
			productName = Damso;
			productReference = DE123C26296C39AC00B7149B /* Damso.app */;
			productType = "com.apple.product-type.application";
		};
/* End PBXNativeTarget section */

/* Begin PBXProject section */
		DE123C1E296C39AC00B7149B /* Project object */ = {
			isa = PBXProject;
			attributes = {
				BuildIndependentTargetsInParallel = 1;
				LastSwiftUpdateCheck = 1420;
				LastUpgradeCheck = 1420;
				TargetAttributes = {
					DE123C25296C39AC00B7149B = {
						CreatedOnToolsVersion = 14.2;
					};
				};
			};
			buildConfigurationList = DE123C21296C39AC00B7149B /* Build configuration list for PBXProject "Damso" */;
			compatibilityVersion = "Xcode 13.0";
			developmentRegion = en;
			hasScannedForEncodings = 0;
			knownRegions = (
				en,
				Base,
			);
			mainGroup = DE123C1D296C39AC00B7149B;
			packageReferences = (
				DE123C3D296C406500B7149B /* XCRemoteSwiftPackageReference "SnapKit" */,
				DE123C40296C40B400B7149B /* XCRemoteSwiftPackageReference "Then" */,
				DE123C43296C40F700B7149B /* XCRemoteSwiftPackageReference "Alamofire" */,
				DE5F0BA12990480100660E52 /* XCRemoteSwiftPackageReference "SwiftyJSON" */,
			);
			productRefGroup = DE123C27296C39AC00B7149B /* Products */;
			projectDirPath = "";
			projectRoot = "";
			targets = (
				DE123C25296C39AC00B7149B /* Damso */,
			);
		};
/* End PBXProject section */

/* Begin PBXResourcesBuildPhase section */
		DE123C24296C39AC00B7149B /* Resources */ = {
			isa = PBXResourcesBuildPhase;
			buildActionMask = 2147483647;
			files = (
				0214CCC529926D3800EC5CAE /* AppleSDGothicNeo-Regular.ttf in Resources */,
				DEA95B282978694700AE8D0C /* NotoSansKR-Light.otf in Resources */,
				0214CCC429926D3800EC5CAE /* NotoSansDisplay-ExtraCondensed.ttf in Resources */,
				DEA95B292978694700AE8D0C /* NotoSansKR-Thin.otf in Resources */,
				DEA95B252978694700AE8D0C /* NotoSansKR-Medium.otf in Resources */,
				0214CCC729926D3800EC5CAE /* NotoSansDisplay-Bold.ttf in Resources */,
				DE123C36296C39AE00B7149B /* LaunchScreen.storyboard in Resources */,
				0214CCDE29926D6400EC5CAE /* MyInfoMain.storyboard in Resources */,
				0214CCC629926D3800EC5CAE /* RobotoCondensed-Regular.ttf in Resources */,
				DEA95B262978694700AE8D0C /* NotoSansKR-Regular.otf in Resources */,
				DE123C33296C39AE00B7149B /* Assets.xcassets in Resources */,
				EC46E74129892CCE00F767C4 /* Main.storyboard in Resources */,
				DEA95B272978694700AE8D0C /* NotoSansKR-Bold.otf in Resources */,
				DEA95B2A2978694700AE8D0C /* NotoSansKR-Black.otf in Resources */,
			);
			runOnlyForDeploymentPostprocessing = 0;
		};
/* End PBXResourcesBuildPhase section */

/* Begin PBXShellScriptBuildPhase section */
		F821C6B7D9397DF7E0F5725E /* [CP] Embed Pods Frameworks */ = {
			isa = PBXShellScriptBuildPhase;
			buildActionMask = 2147483647;
			files = (
			);
			inputFileListPaths = (
				"${PODS_ROOT}/Target Support Files/Pods-Damso/Pods-Damso-frameworks-${CONFIGURATION}-input-files.xcfilelist",
			);
			name = "[CP] Embed Pods Frameworks";
			outputFileListPaths = (
				"${PODS_ROOT}/Target Support Files/Pods-Damso/Pods-Damso-frameworks-${CONFIGURATION}-output-files.xcfilelist",
			);
			runOnlyForDeploymentPostprocessing = 0;
			shellPath = /bin/sh;
			shellScript = "\"${PODS_ROOT}/Target Support Files/Pods-Damso/Pods-Damso-frameworks.sh\"\n";
			showEnvVarsInLog = 0;
		};
		FAB7995D605AB4F1F437093C /* [CP] Check Pods Manifest.lock */ = {
			isa = PBXShellScriptBuildPhase;
			buildActionMask = 2147483647;
			files = (
			);
			inputFileListPaths = (
			);
			inputPaths = (
				"${PODS_PODFILE_DIR_PATH}/Podfile.lock",
				"${PODS_ROOT}/Manifest.lock",
			);
			name = "[CP] Check Pods Manifest.lock";
			outputFileListPaths = (
			);
			outputPaths = (
				"$(DERIVED_FILE_DIR)/Pods-Damso-checkManifestLockResult.txt",
			);
			runOnlyForDeploymentPostprocessing = 0;
			shellPath = /bin/sh;
			shellScript = "diff \"${PODS_PODFILE_DIR_PATH}/Podfile.lock\" \"${PODS_ROOT}/Manifest.lock\" > /dev/null\nif [ $? != 0 ] ; then\n    # print error to STDERR\n    echo \"error: The sandbox is not in sync with the Podfile.lock. Run 'pod install' or update your CocoaPods installation.\" >&2\n    exit 1\nfi\n# This output is used by Xcode 'outputs' to avoid re-running this script phase.\necho \"SUCCESS\" > \"${SCRIPT_OUTPUT_FILE_0}\"\n";
			showEnvVarsInLog = 0;
		};
/* End PBXShellScriptBuildPhase section */

/* Begin PBXSourcesBuildPhase section */
		DE123C22296C39AC00B7149B /* Sources */ = {
			isa = PBXSourcesBuildPhase;
			buildActionMask = 2147483647;
			files = (
				EC46E73C29892CCE00F767C4 /* ReportPushViewController.swift in Sources */,
				EC46E73B29892CCE00F767C4 /* ReportViewController.swift in Sources */,
				DE123C2A296C39AC00B7149B /* AppDelegate.swift in Sources */,
				0214CCD529926D6400EC5CAE /* infoTableViewCell.swift in Sources */,
				DEA95B362981DF2E00AE8D0C /* ReportInputVC.swift in Sources */,
				DEA95B3A2983F20400AE8D0C /* ReportInputView.swift in Sources */,
				DEA95B34297EDA5100AE8D0C /* TabBarController.swift in Sources */,
				DEA95B1B29774EF900AE8D0C /* OnboardingVC.swift in Sources */,
				EC46E74429892CCE00F767C4 /* BottomSheetViewController.swift in Sources */,
				0214CCE029926D6400EC5CAE /* editView.swift in Sources */,
				0214CCDA29926D6400EC5CAE /* PopupView.swift in Sources */,
				DE0139ED29953DD500EC9A5A /* Keys.swift in Sources */,
				DE5F0BA72990513F00660E52 /* GeocodingManager.swift in Sources */,
				DEA95B1D297751D400AE8D0C /* OnboardingMessage.swift in Sources */,
				DE0139F329957B8D00EC9A5A /* ReportInputResult.swift in Sources */,
				DE123C51296D746300B7149B /* BaseView.swift in Sources */,
				0214CCDB29926D6400EC5CAE /* LoginView.swift in Sources */,
				DE0139EF2995604A00EC9A5A /* ReportInputModel.swift in Sources */,
				0214CCD829926D6400EC5CAE /* LoginDataView.swift in Sources */,
				0214CCD929926D6400EC5CAE /* MydataView.swift in Sources */,
				DE123C2C296C39AC00B7149B /* SceneDelegate.swift in Sources */,
				0214CCDF29926D6400EC5CAE /* afterLoginVC.swift in Sources */,
				DEA95B3F2988412900AE8D0C /* BookmarkVC.swift in Sources */,
				DE123C2C296C39AC00B7149B /* SceneDelegate.swift in Sources */,
				0214CCDD29926D6400EC5CAE /* MydataVC.swift in Sources */,
				DEA95B43298854E900AE8D0C /* BookmarkIsEmptyCell.swift in Sources */,
				DEA95B32297AF65700AE8D0C /* UIButton+Extension.swift in Sources */,
				DE5F0BA92990579D00660E52 /* ReverseGCModel.swift in Sources */,
				0214CCDC29926D6400EC5CAE /* LoginVC.swift in Sources */,
				EC46E73F29892CCE00F767C4 /* BottomSheetViewController2.swift in Sources */,
				DEA95B0D2976A38900AE8D0C /* ReportView.swift in Sources */,
				EC46E74229892CCE00F767C4 /* ReviewUploadViewController.swift in Sources */,
				0214CCE129926D6400EC5CAE /* secondInfoTableViewCell.swift in Sources */,
				0214CCD629926D6400EC5CAE /* PopupVC.swift in Sources */,
				EC46E73D29892CCE00F767C4 /* SearchViewController.swift in Sources */,
				DE0139F12995671C00EC9A5A /* ReportInputManager.swift in Sources */,
				DEA95B4129884B9600AE8D0C /* BookmarkTableViewCell.swift in Sources */,
				DEA95B122976A75B00AE8D0C /* ReportVC.swift in Sources */,
				DE123C4F296D743C00B7149B /* BaseVC.swift in Sources */,
				DEA95B1929774ED700AE8D0C /* OnboardingView.swift in Sources */,
				EC46E74029892CCE00F767C4 /* MainViewController.swift in Sources */,
				DEA95B2C29786C6E00AE8D0C /* UIColor+Extension.swift in Sources */,
				DEA95B3D2988410D00AE8D0C /* BookmarkView.swift in Sources */,
				DEA95B2E2978729A00AE8D0C /* OnboardingCollectionViewCell.swift in Sources */,
				0214CCD729926D6400EC5CAE /* editVC.swift in Sources */,
			);
			runOnlyForDeploymentPostprocessing = 0;
		};
/* End PBXSourcesBuildPhase section */

/* Begin PBXVariantGroup section */
		DE123C34296C39AE00B7149B /* LaunchScreen.storyboard */ = {
			isa = PBXVariantGroup;
			children = (
				DE123C35296C39AE00B7149B /* Base */,
			);
			name = LaunchScreen.storyboard;
			sourceTree = "<group>";
		};
/* End PBXVariantGroup section */

/* Begin XCBuildConfiguration section */
		DE123C38296C39AE00B7149B /* Debug */ = {
			isa = XCBuildConfiguration;
			buildSettings = {
				ALWAYS_SEARCH_USER_PATHS = NO;
				CLANG_ANALYZER_NONNULL = YES;
				CLANG_ANALYZER_NUMBER_OBJECT_CONVERSION = YES_AGGRESSIVE;
				CLANG_CXX_LANGUAGE_STANDARD = "gnu++20";
				CLANG_ENABLE_MODULES = YES;
				CLANG_ENABLE_OBJC_ARC = YES;
				CLANG_ENABLE_OBJC_WEAK = YES;
				CLANG_WARN_BLOCK_CAPTURE_AUTORELEASING = YES;
				CLANG_WARN_BOOL_CONVERSION = YES;
				CLANG_WARN_COMMA = YES;
				CLANG_WARN_CONSTANT_CONVERSION = YES;
				CLANG_WARN_DEPRECATED_OBJC_IMPLEMENTATIONS = YES;
				CLANG_WARN_DIRECT_OBJC_ISA_USAGE = YES_ERROR;
				CLANG_WARN_DOCUMENTATION_COMMENTS = YES;
				CLANG_WARN_EMPTY_BODY = YES;
				CLANG_WARN_ENUM_CONVERSION = YES;
				CLANG_WARN_INFINITE_RECURSION = YES;
				CLANG_WARN_INT_CONVERSION = YES;
				CLANG_WARN_NON_LITERAL_NULL_CONVERSION = YES;
				CLANG_WARN_OBJC_IMPLICIT_RETAIN_SELF = YES;
				CLANG_WARN_OBJC_LITERAL_CONVERSION = YES;
				CLANG_WARN_OBJC_ROOT_CLASS = YES_ERROR;
				CLANG_WARN_QUOTED_INCLUDE_IN_FRAMEWORK_HEADER = YES;
				CLANG_WARN_RANGE_LOOP_ANALYSIS = YES;
				CLANG_WARN_STRICT_PROTOTYPES = YES;
				CLANG_WARN_SUSPICIOUS_MOVE = YES;
				CLANG_WARN_UNGUARDED_AVAILABILITY = YES_AGGRESSIVE;
				CLANG_WARN_UNREACHABLE_CODE = YES;
				CLANG_WARN__DUPLICATE_METHOD_MATCH = YES;
				COPY_PHASE_STRIP = NO;
				DEBUG_INFORMATION_FORMAT = dwarf;
				ENABLE_STRICT_OBJC_MSGSEND = YES;
				ENABLE_TESTABILITY = YES;
				GCC_C_LANGUAGE_STANDARD = gnu11;
				GCC_DYNAMIC_NO_PIC = NO;
				GCC_NO_COMMON_BLOCKS = YES;
				GCC_OPTIMIZATION_LEVEL = 0;
				GCC_PREPROCESSOR_DEFINITIONS = (
					"DEBUG=1",
					"$(inherited)",
				);
				GCC_WARN_64_TO_32_BIT_CONVERSION = YES;
				GCC_WARN_ABOUT_RETURN_TYPE = YES_ERROR;
				GCC_WARN_UNDECLARED_SELECTOR = YES;
				GCC_WARN_UNINITIALIZED_AUTOS = YES_AGGRESSIVE;
				GCC_WARN_UNUSED_FUNCTION = YES;
				GCC_WARN_UNUSED_VARIABLE = YES;
				IPHONEOS_DEPLOYMENT_TARGET = 16.2;
				MTL_ENABLE_DEBUG_INFO = INCLUDE_SOURCE;
				MTL_FAST_MATH = YES;
				ONLY_ACTIVE_ARCH = YES;
				SDKROOT = iphoneos;
				SWIFT_ACTIVE_COMPILATION_CONDITIONS = DEBUG;
				SWIFT_OPTIMIZATION_LEVEL = "-Onone";
			};
			name = Debug;
		};
		DE123C39296C39AE00B7149B /* Release */ = {
			isa = XCBuildConfiguration;
			buildSettings = {
				ALWAYS_SEARCH_USER_PATHS = NO;
				CLANG_ANALYZER_NONNULL = YES;
				CLANG_ANALYZER_NUMBER_OBJECT_CONVERSION = YES_AGGRESSIVE;
				CLANG_CXX_LANGUAGE_STANDARD = "gnu++20";
				CLANG_ENABLE_MODULES = YES;
				CLANG_ENABLE_OBJC_ARC = YES;
				CLANG_ENABLE_OBJC_WEAK = YES;
				CLANG_WARN_BLOCK_CAPTURE_AUTORELEASING = YES;
				CLANG_WARN_BOOL_CONVERSION = YES;
				CLANG_WARN_COMMA = YES;
				CLANG_WARN_CONSTANT_CONVERSION = YES;
				CLANG_WARN_DEPRECATED_OBJC_IMPLEMENTATIONS = YES;
				CLANG_WARN_DIRECT_OBJC_ISA_USAGE = YES_ERROR;
				CLANG_WARN_DOCUMENTATION_COMMENTS = YES;
				CLANG_WARN_EMPTY_BODY = YES;
				CLANG_WARN_ENUM_CONVERSION = YES;
				CLANG_WARN_INFINITE_RECURSION = YES;
				CLANG_WARN_INT_CONVERSION = YES;
				CLANG_WARN_NON_LITERAL_NULL_CONVERSION = YES;
				CLANG_WARN_OBJC_IMPLICIT_RETAIN_SELF = YES;
				CLANG_WARN_OBJC_LITERAL_CONVERSION = YES;
				CLANG_WARN_OBJC_ROOT_CLASS = YES_ERROR;
				CLANG_WARN_QUOTED_INCLUDE_IN_FRAMEWORK_HEADER = YES;
				CLANG_WARN_RANGE_LOOP_ANALYSIS = YES;
				CLANG_WARN_STRICT_PROTOTYPES = YES;
				CLANG_WARN_SUSPICIOUS_MOVE = YES;
				CLANG_WARN_UNGUARDED_AVAILABILITY = YES_AGGRESSIVE;
				CLANG_WARN_UNREACHABLE_CODE = YES;
				CLANG_WARN__DUPLICATE_METHOD_MATCH = YES;
				COPY_PHASE_STRIP = NO;
				DEBUG_INFORMATION_FORMAT = "dwarf-with-dsym";
				ENABLE_NS_ASSERTIONS = NO;
				ENABLE_STRICT_OBJC_MSGSEND = YES;
				GCC_C_LANGUAGE_STANDARD = gnu11;
				GCC_NO_COMMON_BLOCKS = YES;
				GCC_WARN_64_TO_32_BIT_CONVERSION = YES;
				GCC_WARN_ABOUT_RETURN_TYPE = YES_ERROR;
				GCC_WARN_UNDECLARED_SELECTOR = YES;
				GCC_WARN_UNINITIALIZED_AUTOS = YES_AGGRESSIVE;
				GCC_WARN_UNUSED_FUNCTION = YES;
				GCC_WARN_UNUSED_VARIABLE = YES;
				IPHONEOS_DEPLOYMENT_TARGET = 16.2;
				MTL_ENABLE_DEBUG_INFO = NO;
				MTL_FAST_MATH = YES;
				SDKROOT = iphoneos;
				SWIFT_COMPILATION_MODE = wholemodule;
				SWIFT_OPTIMIZATION_LEVEL = "-O";
				VALIDATE_PRODUCT = YES;
			};
			name = Release;
		};
		DE123C3B296C39AE00B7149B /* Debug */ = {
			isa = XCBuildConfiguration;
			baseConfigurationReference = DB7F394FDC0E35B9274B56E2 /* Pods-Damso.debug.xcconfig */;
			buildSettings = {
				ASSETCATALOG_COMPILER_APPICON_NAME = AppIcon;
				ASSETCATALOG_COMPILER_GLOBAL_ACCENT_COLOR_NAME = AccentColor;
				CODE_SIGN_STYLE = Automatic;
				CURRENT_PROJECT_VERSION = 1;
				DEVELOPMENT_TEAM = AYG8MBJF93;
				GENERATE_INFOPLIST_FILE = YES;
				INFOPLIST_FILE = Damso/Info.plist;
				INFOPLIST_KEY_UIApplicationSupportsIndirectInputEvents = YES;
				INFOPLIST_KEY_UILaunchStoryboardName = LaunchScreen;
				INFOPLIST_KEY_UIMainStoryboardFile = "";
				INFOPLIST_KEY_UISupportedInterfaceOrientations_iPad = "UIInterfaceOrientationPortrait UIInterfaceOrientationPortraitUpsideDown UIInterfaceOrientationLandscapeLeft UIInterfaceOrientationLandscapeRight";
				INFOPLIST_KEY_UISupportedInterfaceOrientations_iPhone = "UIInterfaceOrientationPortrait UIInterfaceOrientationLandscapeLeft UIInterfaceOrientationLandscapeRight";
				LD_RUNPATH_SEARCH_PATHS = (
					"$(inherited)",
					"@executable_path/Frameworks",
				);
				MARKETING_VERSION = 1.0;
				PRODUCT_BUNDLE_IDENTIFIER = "ILWAT-com.github.Damso";
				PRODUCT_NAME = "$(TARGET_NAME)";
				SWIFT_EMIT_LOC_STRINGS = YES;
				SWIFT_VERSION = 5.0;
				TARGETED_DEVICE_FAMILY = "1,2";
			};
			name = Debug;
		};
		DE123C3C296C39AE00B7149B /* Release */ = {
			isa = XCBuildConfiguration;
			baseConfigurationReference = 5255AD62BEE5A9637A7D0115 /* Pods-Damso.release.xcconfig */;
			buildSettings = {
				ASSETCATALOG_COMPILER_APPICON_NAME = AppIcon;
				ASSETCATALOG_COMPILER_GLOBAL_ACCENT_COLOR_NAME = AccentColor;
				CODE_SIGN_STYLE = Automatic;
				CURRENT_PROJECT_VERSION = 1;
				DEVELOPMENT_TEAM = AYG8MBJF93;
				GENERATE_INFOPLIST_FILE = YES;
				INFOPLIST_FILE = Damso/Info.plist;
				INFOPLIST_KEY_UIApplicationSupportsIndirectInputEvents = YES;
				INFOPLIST_KEY_UILaunchStoryboardName = LaunchScreen;
				INFOPLIST_KEY_UIMainStoryboardFile = "";
				INFOPLIST_KEY_UISupportedInterfaceOrientations_iPad = "UIInterfaceOrientationPortrait UIInterfaceOrientationPortraitUpsideDown UIInterfaceOrientationLandscapeLeft UIInterfaceOrientationLandscapeRight";
				INFOPLIST_KEY_UISupportedInterfaceOrientations_iPhone = "UIInterfaceOrientationPortrait UIInterfaceOrientationLandscapeLeft UIInterfaceOrientationLandscapeRight";
				LD_RUNPATH_SEARCH_PATHS = (
					"$(inherited)",
					"@executable_path/Frameworks",
				);
				MARKETING_VERSION = 1.0;
				PRODUCT_BUNDLE_IDENTIFIER = "ILWAT-com.github.Damso";
				PRODUCT_NAME = "$(TARGET_NAME)";
				SWIFT_EMIT_LOC_STRINGS = YES;
				SWIFT_VERSION = 5.0;
				TARGETED_DEVICE_FAMILY = "1,2";
			};
			name = Release;
		};
/* End XCBuildConfiguration section */

/* Begin XCConfigurationList section */
		DE123C21296C39AC00B7149B /* Build configuration list for PBXProject "Damso" */ = {
			isa = XCConfigurationList;
			buildConfigurations = (
				DE123C38296C39AE00B7149B /* Debug */,
				DE123C39296C39AE00B7149B /* Release */,
			);
			defaultConfigurationIsVisible = 0;
			defaultConfigurationName = Release;
		};
		DE123C3A296C39AE00B7149B /* Build configuration list for PBXNativeTarget "Damso" */ = {
			isa = XCConfigurationList;
			buildConfigurations = (
				DE123C3B296C39AE00B7149B /* Debug */,
				DE123C3C296C39AE00B7149B /* Release */,
			);
			defaultConfigurationIsVisible = 0;
			defaultConfigurationName = Release;
		};
/* End XCConfigurationList section */

/* Begin XCRemoteSwiftPackageReference section */
		DE123C3D296C406500B7149B /* XCRemoteSwiftPackageReference "SnapKit" */ = {
			isa = XCRemoteSwiftPackageReference;
			repositoryURL = "https://github.com/SnapKit/SnapKit.git";
			requirement = {
				kind = upToNextMajorVersion;
				minimumVersion = 5.0.1;
			};
		};
		DE123C40296C40B400B7149B /* XCRemoteSwiftPackageReference "Then" */ = {
			isa = XCRemoteSwiftPackageReference;
			repositoryURL = "https://github.com/devxoul/Then";
			requirement = {
				kind = upToNextMajorVersion;
				minimumVersion = 3.0.0;
			};
		};
		DE123C43296C40F700B7149B /* XCRemoteSwiftPackageReference "Alamofire" */ = {
			isa = XCRemoteSwiftPackageReference;
			repositoryURL = "https://github.com/Alamofire/Alamofire.git";
			requirement = {
				kind = upToNextMajorVersion;
				minimumVersion = 5.6.1;
			};
		};
		DE5F0BA12990480100660E52 /* XCRemoteSwiftPackageReference "SwiftyJSON" */ = {
			isa = XCRemoteSwiftPackageReference;
			repositoryURL = "https://github.com/SwiftyJSON/SwiftyJSON.git";
			requirement = {
				kind = upToNextMajorVersion;
				minimumVersion = 5.0.0;
			};
		};
/* End XCRemoteSwiftPackageReference section */

/* Begin XCSwiftPackageProductDependency section */
		DE123C3E296C406500B7149B /* SnapKit */ = {
			isa = XCSwiftPackageProductDependency;
			package = DE123C3D296C406500B7149B /* XCRemoteSwiftPackageReference "SnapKit" */;
			productName = SnapKit;
		};
		DE123C41296C40B400B7149B /* Then */ = {
			isa = XCSwiftPackageProductDependency;
			package = DE123C40296C40B400B7149B /* XCRemoteSwiftPackageReference "Then" */;
			productName = Then;
		};
		DE123C44296C40F700B7149B /* Alamofire */ = {
			isa = XCSwiftPackageProductDependency;
			package = DE123C43296C40F700B7149B /* XCRemoteSwiftPackageReference "Alamofire" */;
			productName = Alamofire;
		};
		DE5F0BA22990480100660E52 /* SwiftyJSON */ = {
			isa = XCSwiftPackageProductDependency;
			package = DE5F0BA12990480100660E52 /* XCRemoteSwiftPackageReference "SwiftyJSON" */;
			productName = SwiftyJSON;
		};
/* End XCSwiftPackageProductDependency section */
	};
	rootObject = DE123C1E296C39AC00B7149B /* Project object */;
}
